Microsoft Visual Studio Solution File, Format Version 12.00
# Visual Studio Version 17
VisualStudioVersion = 17.5.2.0
MinimumVisualStudioVersion = 10.0.40219.1
Project("{FAE04EC0-301F-11D3-BF4B-00C04F79EFBC}") = "QRCoder", "QRCoder\QRCoder.csproj", "{FA0E0820-EA7B-5C63-878F-F4D4AECF798A}"
EndProject
Global
	GlobalSection(SolutionConfigurationPlatforms) = preSolution
		Debug|Any CPU = Debug|Any CPU
		Release|Any CPU = Release|Any CPU
	EndGlobalSection
	GlobalSection(ProjectConfigurationPlatforms) = postSolution
		{FA0E0820-EA7B-5C63-878F-F4D4AECF798A}.Debug|Any CPU.ActiveCfg = Debug|Any CPU
		{FA0E0820-EA7B-5C63-878F-F4D4AECF798A}.Debug|Any CPU.Build.0 = Debug|Any CPU
		{FA0E0820-EA7B-5C63-878F-F4D4AECF798A}.Release|Any CPU.ActiveCfg = Release|Any CPU
		{FA0E0820-EA7B-5C63-878F-F4D4AECF798A}.Release|Any CPU.Build.0 = Release|Any CPU
	EndGlobalSection
	GlobalSection(SolutionProperties) = preSolution
		HideSolutionNode = FALSE
	EndGlobalSection
	GlobalSection(ExtensibilityGlobals) = postSolution
		SolutionGuid = {AC569B4C-2A36-4535-B6A8-B79C41DD3B17}
	EndGlobalSection
EndGlobal
